
Microsoft Visual Studio Solution File, Format Version 12.00
# Visual Studio Version 17
VisualStudioVersion = 17.4.33213.308
MinimumVisualStudioVersion = 10.0.40219.1
Project("{2150E333-8FDC-42A3-9474-1A3956D46DE8}") = "Solution Items", "Solution Items", "{B77560D4-BA7F-4CE3-AE3E-7E2FEE3FDAF6}"
	ProjectSection(SolutionItems) = preProject
		.editorconfig = .editorconfig
		..\.github\workflows\build.yml = ..\.github\workflows\build.yml
		..\LICENSE = ..\LICENSE
		..\README.md = ..\README.md
		stylecop.json = stylecop.json
	EndProjectSection
EndProject
Project("{9A19103F-16F7-4668-BE54-9A1E7A4F7556}") = "ConventionAssertions", "ConventionAssertions\ConventionAssertions.csproj", "{8D4CB04E-BCC0-4F04-8A38-CA0C4369D9B4}"
EndProject
Project("{9A19103F-16F7-4668-BE54-9A1E7A4F7556}") = "ConventionAssertions.Tests", "ConventionAssertions.Tests\ConventionAssertions.Tests.csproj", "{A00302A4-F891-436D-9817-C83ACFEBA211}"
EndProject
Project("{9A19103F-16F7-4668-BE54-9A1E7A4F7556}") = "ConventionAssertions.Tests.UnknownFramework", "ConventionAssertions.Tests.UnknownFramework\ConventionAssertions.Tests.UnknownFramework.csproj", "{4F1B1A55-7127-4110-9132-877635AFF201}"
EndProject
Project("{9A19103F-16F7-4668-BE54-9A1E7A4F7556}") = "ConventionAssertions.Tests.XunitFramework", "ConventionAssertions.Tests.XunitFramework\ConventionAssertions.Tests.XunitFramework.csproj", "{F657D402-FF49-4DB0-939E-C35AD3920587}"
EndProject
Project("{2150E333-8FDC-42A3-9474-1A3956D46DE8}") = "Tests", "Tests", "{283FF90F-A8E9-4E20-B8BA-B10256B205EC}"
EndProject
Global
	GlobalSection(SolutionConfigurationPlatforms) = preSolution
		Debug|Any CPU = Debug|Any CPU
		Release|Any CPU = Release|Any CPU
	EndGlobalSection
	GlobalSection(ProjectConfigurationPlatforms) = postSolution
		{8D4CB04E-BCC0-4F04-8A38-CA0C4369D9B4}.Debug|Any CPU.ActiveCfg = Debug|Any CPU
		{8D4CB04E-BCC0-4F04-8A38-CA0C4369D9B4}.Debug|Any CPU.Build.0 = Debug|Any CPU
		{8D4CB04E-BCC0-4F04-8A38-CA0C4369D9B4}.Release|Any CPU.ActiveCfg = Release|Any CPU
		{8D4CB04E-BCC0-4F04-8A38-CA0C4369D9B4}.Release|Any CPU.Build.0 = Release|Any CPU
		{A00302A4-F891-436D-9817-C83ACFEBA211}.Debug|Any CPU.ActiveCfg = Debug|Any CPU
		{A00302A4-F891-436D-9817-C83ACFEBA211}.Debug|Any CPU.Build.0 = Debug|Any CPU
		{A00302A4-F891-436D-9817-C83ACFEBA211}.Release|Any CPU.ActiveCfg = Release|Any CPU
		{A00302A4-F891-436D-9817-C83ACFEBA211}.Release|Any CPU.Build.0 = Release|Any CPU
		{4F1B1A55-7127-4110-9132-877635AFF201}.Debug|Any CPU.ActiveCfg = Debug|Any CPU
		{4F1B1A55-7127-4110-9132-877635AFF201}.Debug|Any CPU.Build.0 = Debug|Any CPU
		{4F1B1A55-7127-4110-9132-877635AFF201}.Release|Any CPU.ActiveCfg = Release|Any CPU
		{4F1B1A55-7127-4110-9132-877635AFF201}.Release|Any CPU.Build.0 = Release|Any CPU
		{F657D402-FF49-4DB0-939E-C35AD3920587}.Debug|Any CPU.ActiveCfg = Debug|Any CPU
		{F657D402-FF49-4DB0-939E-C35AD3920587}.Debug|Any CPU.Build.0 = Debug|Any CPU
		{F657D402-FF49-4DB0-939E-C35AD3920587}.Release|Any CPU.ActiveCfg = Release|Any CPU
		{F657D402-FF49-4DB0-939E-C35AD3920587}.Release|Any CPU.Build.0 = Release|Any CPU
	EndGlobalSection
	GlobalSection(SolutionProperties) = preSolution
		HideSolutionNode = FALSE
	EndGlobalSection
	GlobalSection(NestedProjects) = preSolution
		{A00302A4-F891-436D-9817-C83ACFEBA211} = {283FF90F-A8E9-4E20-B8BA-B10256B205EC}
		{4F1B1A55-7127-4110-9132-877635AFF201} = {283FF90F-A8E9-4E20-B8BA-B10256B205EC}
		{F657D402-FF49-4DB0-939E-C35AD3920587} = {283FF90F-A8E9-4E20-B8BA-B10256B205EC}
	EndGlobalSection
	GlobalSection(ExtensibilityGlobals) = postSolution
		SolutionGuid = {B6C29043-C7ED-4335-85DD-27E5014FBB9E}
	EndGlobalSection
EndGlobal
