
Microsoft Visual Studio Solution File, Format Version 12.00
# Visual Studio Version 17
VisualStudioVersion = 17.4.33213.308
MinimumVisualStudioVersion = 10.0.40219.1
Project("{FAE04EC0-301F-11D3-BF4B-00C04F79EFBC}") = "ConventionAsserts", "ConventionAsserts\ConventionAsserts.csproj", "{75CF02F3-37DC-4B63-AE4F-0235AF15AA2B}"
EndProject
Project("{FAE04EC0-301F-11D3-BF4B-00C04F79EFBC}") = "ConventionAsserts.Tests", "ConventionAsserts.Tests\ConventionAsserts.Tests.csproj", "{70D1060D-F8D4-4267-A480-476C5E9956EE}"
EndProject
Global
	GlobalSection(SolutionConfigurationPlatforms) = preSolution
		Debug|Any CPU = Debug|Any CPU
		Release|Any CPU = Release|Any CPU
	EndGlobalSection
	GlobalSection(ProjectConfigurationPlatforms) = postSolution
		{75CF02F3-37DC-4B63-AE4F-0235AF15AA2B}.Debug|Any CPU.ActiveCfg = Debug|Any CPU
		{75CF02F3-37DC-4B63-AE4F-0235AF15AA2B}.Debug|Any CPU.Build.0 = Debug|Any CPU
		{75CF02F3-37DC-4B63-AE4F-0235AF15AA2B}.Release|Any CPU.ActiveCfg = Release|Any CPU
		{75CF02F3-37DC-4B63-AE4F-0235AF15AA2B}.Release|Any CPU.Build.0 = Release|Any CPU
		{70D1060D-F8D4-4267-A480-476C5E9956EE}.Debug|Any CPU.ActiveCfg = Debug|Any CPU
		{70D1060D-F8D4-4267-A480-476C5E9956EE}.Debug|Any CPU.Build.0 = Debug|Any CPU
		{70D1060D-F8D4-4267-A480-476C5E9956EE}.Release|Any CPU.ActiveCfg = Release|Any CPU
		{70D1060D-F8D4-4267-A480-476C5E9956EE}.Release|Any CPU.Build.0 = Release|Any CPU
	EndGlobalSection
	GlobalSection(SolutionProperties) = preSolution
		HideSolutionNode = FALSE
	EndGlobalSection
	GlobalSection(ExtensibilityGlobals) = postSolution
		SolutionGuid = {B6C29043-C7ED-4335-85DD-27E5014FBB9E}
	EndGlobalSection
EndGlobal
